
Microsoft Visual Studio Solution File, Format Version 12.00
# Visual Studio Version 17
VisualStudioVersion = 17.2.32616.157
MinimumVisualStudioVersion = 10.0.40219.1
Project("{FAE04EC0-301F-11D3-BF4B-00C04F79EFBC}") = "BilgeShop.Data", "BilgeShop.Data\BilgeShop.Data.csproj", "{9C5C3BCA-3E99-45EC-94C4-5B8F181B7D6E}"
EndProject
Project("{FAE04EC0-301F-11D3-BF4B-00C04F79EFBC}") = "BilgeShop.Business", "BilgeShop.Business\BilgeShop.Business.csproj", "{A4880509-E86E-4260-89D0-4AA2925F1E12}"
EndProject
Project("{FAE04EC0-301F-11D3-BF4B-00C04F79EFBC}") = "BilgeShop.WebUI", "BilgeShop.WebUI\BilgeShop.WebUI.csproj", "{17ED2B74-047E-4439-889D-4BBF418EF350}"
EndProject
Project("{2150E333-8FDC-42A3-9474-1A3956D46DE8}") = "Solution Items", "Solution Items", "{FA3EA792-BEF5-4E18-B91F-A73179321AF0}"
	ProjectSection(SolutionItems) = preProject
		Notlar.txt = Notlar.txt
	EndProjectSection
EndProject
Global
	GlobalSection(SolutionConfigurationPlatforms) = preSolution
		Debug|Any CPU = Debug|Any CPU
		Release|Any CPU = Release|Any CPU
	EndGlobalSection
	GlobalSection(ProjectConfigurationPlatforms) = postSolution
		{9C5C3BCA-3E99-45EC-94C4-5B8F181B7D6E}.Debug|Any CPU.ActiveCfg = Debug|Any CPU
		{9C5C3BCA-3E99-45EC-94C4-5B8F181B7D6E}.Debug|Any CPU.Build.0 = Debug|Any CPU
		{9C5C3BCA-3E99-45EC-94C4-5B8F181B7D6E}.Release|Any CPU.ActiveCfg = Release|Any CPU
		{9C5C3BCA-3E99-45EC-94C4-5B8F181B7D6E}.Release|Any CPU.Build.0 = Release|Any CPU
		{A4880509-E86E-4260-89D0-4AA2925F1E12}.Debug|Any CPU.ActiveCfg = Debug|Any CPU
		{A4880509-E86E-4260-89D0-4AA2925F1E12}.Debug|Any CPU.Build.0 = Debug|Any CPU
		{A4880509-E86E-4260-89D0-4AA2925F1E12}.Release|Any CPU.ActiveCfg = Release|Any CPU
		{A4880509-E86E-4260-89D0-4AA2925F1E12}.Release|Any CPU.Build.0 = Release|Any CPU
		{17ED2B74-047E-4439-889D-4BBF418EF350}.Debug|Any CPU.ActiveCfg = Debug|Any CPU
		{17ED2B74-047E-4439-889D-4BBF418EF350}.Debug|Any CPU.Build.0 = Debug|Any CPU
		{17ED2B74-047E-4439-889D-4BBF418EF350}.Release|Any CPU.ActiveCfg = Release|Any CPU
		{17ED2B74-047E-4439-889D-4BBF418EF350}.Release|Any CPU.Build.0 = Release|Any CPU
	EndGlobalSection
	GlobalSection(SolutionProperties) = preSolution
		HideSolutionNode = FALSE
	EndGlobalSection
	GlobalSection(ExtensibilityGlobals) = postSolution
		SolutionGuid = {6063CCBF-E745-4214-B1CF-9EE9BF7FCBF6}
	EndGlobalSection
EndGlobal
